
Microsoft Visual Studio Solution File, Format Version 12.00
Project("{FAE04EC0-301F-11D3-BF4B-00C04F79EFBC}") = "Library.Web", "Library.Web\Library.Web.csproj", "{6BC9CA61-767D-4C65-9F1C-4BBDB5633A66}"
EndProject
Project("{FAE04EC0-301F-11D3-BF4B-00C04F79EFBC}") = "Library.Share", "Library.Share\Library.Share.csproj", "{21EB8BA3-EB47-4329-884A-CC77229782D9}"
EndProject
Global
	GlobalSection(SolutionConfigurationPlatforms) = preSolution
		Debug|Any CPU = Debug|Any CPU
		Release|Any CPU = Release|Any CPU
	EndGlobalSection
	GlobalSection(ProjectConfigurationPlatforms) = postSolution
		{6BC9CA61-767D-4C65-9F1C-4BBDB5633A66}.Debug|Any CPU.ActiveCfg = Debug|Any CPU
		{6BC9CA61-767D-4C65-9F1C-4BBDB5633A66}.Debug|Any CPU.Build.0 = Debug|Any CPU
		{6BC9CA61-767D-4C65-9F1C-4BBDB5633A66}.Release|Any CPU.ActiveCfg = Release|Any CPU
		{6BC9CA61-767D-4C65-9F1C-4BBDB5633A66}.Release|Any CPU.Build.0 = Release|Any CPU
		{21EB8BA3-EB47-4329-884A-CC77229782D9}.Debug|Any CPU.ActiveCfg = Debug|Any CPU
		{21EB8BA3-EB47-4329-884A-CC77229782D9}.Debug|Any CPU.Build.0 = Debug|Any CPU
		{21EB8BA3-EB47-4329-884A-CC77229782D9}.Release|Any CPU.ActiveCfg = Release|Any CPU
		{21EB8BA3-EB47-4329-884A-CC77229782D9}.Release|Any CPU.Build.0 = Release|Any CPU
	EndGlobalSection
EndGlobal
